// !$*UTF8*$!
{
	archiveVersion = 1;
	classes = {
	};
	objectVersion = 50;
	objects = {

/* Begin PBXBuildFile section */
		61393FA026ED8FAD0082651F /* ExpensesApp.swift in Sources */ = {isa = PBXBuildFile; fileRef = 61393F9F26ED8FAD0082651F /* ExpensesApp.swift */; };
		61393FA226ED8FAD0082651F /* DashboardView.swift in Sources */ = {isa = PBXBuildFile; fileRef = 61393FA126ED8FAD0082651F /* DashboardView.swift */; };
		61393FA426ED8FAF0082651F /* Assets.xcassets in Resources */ = {isa = PBXBuildFile; fileRef = 61393FA326ED8FAF0082651F /* Assets.xcassets */; };
		61393FA726ED8FAF0082651F /* Preview Assets.xcassets in Resources */ = {isa = PBXBuildFile; fileRef = 61393FA626ED8FAF0082651F /* Preview Assets.xcassets */; };
		61393FB226ED8FB00082651F /* ExpensesAppTests.swift in Sources */ = {isa = PBXBuildFile; fileRef = 61393FB126ED8FB00082651F /* ExpensesAppTests.swift */; };
		61393FBD26ED8FB00082651F /* ExpensesAppUITests.swift in Sources */ = {isa = PBXBuildFile; fileRef = 61393FBC26ED8FB00082651F /* ExpensesAppUITests.swift */; };
		61393FCE26ED99760082651F /* TransactionRowView.swift in Sources */ = {isa = PBXBuildFile; fileRef = 61393FCD26ED99750082651F /* TransactionRowView.swift */; };
		61393FD026ED99C50082651F /* Transaction.swift in Sources */ = {isa = PBXBuildFile; fileRef = 61393FCF26ED99C50082651F /* Transaction.swift */; };
		61393FD426EDAC020082651F /* TransactionRepository.swift in Sources */ = {isa = PBXBuildFile; fileRef = 61393FD326EDAC020082651F /* TransactionRepository.swift */; };
		61393FD626EDAF830082651F /* UserStore.swift in Sources */ = {isa = PBXBuildFile; fileRef = 61393FD526EDAF830082651F /* UserStore.swift */; };
		61393FD826EDAFD40082651F /* Budget.swift in Sources */ = {isa = PBXBuildFile; fileRef = 61393FD726EDAFD40082651F /* Budget.swift */; };
		61393FDA26EDB4AC0082651F /* TransactionStore.swift in Sources */ = {isa = PBXBuildFile; fileRef = 61393FD926EDB4AC0082651F /* TransactionStore.swift */; };
		61393FDE26EDB6D20082651F /* User.swift in Sources */ = {isa = PBXBuildFile; fileRef = 61393FDD26EDB6D20082651F /* User.swift */; };
		61393FE026EDB7D10082651F /* Double+Extensions.swift in Sources */ = {isa = PBXBuildFile; fileRef = 61393FDF26EDB7D10082651F /* Double+Extensions.swift */; };
		61393FE626EDCAFC0082651F /* TransactionListView.swift in Sources */ = {isa = PBXBuildFile; fileRef = 61393FE526EDCAFC0082651F /* TransactionListView.swift */; };
		61393FE926EDD4F40082651F /* Date+Extensions.swift in Sources */ = {isa = PBXBuildFile; fileRef = 61393FE826EDD4F40082651F /* Date+Extensions.swift */; };
		61393FED26EDD8980082651F /* EditProfileView.swift in Sources */ = {isa = PBXBuildFile; fileRef = 61393FEC26EDD8980082651F /* EditProfileView.swift */; };
		61393FEF26EDFCC70082651F /* MainView.swift in Sources */ = {isa = PBXBuildFile; fileRef = 61393FEE26EDFCC70082651F /* MainView.swift */; };
		61393FF126EE03490082651F /* EditTransactionView.swift in Sources */ = {isa = PBXBuildFile; fileRef = 61393FF026EE03490082651F /* EditTransactionView.swift */; };
		61393FF326EE051E0082651F /* Category.swift in Sources */ = {isa = PBXBuildFile; fileRef = 61393FF226EE051E0082651F /* Category.swift */; };
		61393FF526EE09770082651F /* Image+Extensions.swift in Sources */ = {isa = PBXBuildFile; fileRef = 61393FF426EE09770082651F /* Image+Extensions.swift */; };
		61393FF726EE14280082651F /* NumberFormatter+Extensions.swift in Sources */ = {isa = PBXBuildFile; fileRef = 61393FF626EE14280082651F /* NumberFormatter+Extensions.swift */; };
		61393FF926EE1EDE0082651F /* TransactionDetailsView.swift in Sources */ = {isa = PBXBuildFile; fileRef = 61393FF826EE1EDE0082651F /* TransactionDetailsView.swift */; };
		61393FFB26EE23DB0082651F /* View+Extensions.swift in Sources */ = {isa = PBXBuildFile; fileRef = 61393FFA26EE23DB0082651F /* View+Extensions.swift */; };
		61EEBDF426EF252C0009078E /* LocalSource.swift in Sources */ = {isa = PBXBuildFile; fileRef = 61EEBDF326EF252C0009078E /* LocalSource.swift */; };
		61EEBDF626EF27730009078E /* UserRepository.swift in Sources */ = {isa = PBXBuildFile; fileRef = 61EEBDF526EF27730009078E /* UserRepository.swift */; };
		61EEBDF826EF2DD90009078E /* CategoryRowView.swift in Sources */ = {isa = PBXBuildFile; fileRef = 61EEBDF726EF2DD90009078E /* CategoryRowView.swift */; };
/* End PBXBuildFile section */

/* Begin PBXContainerItemProxy section */
		61393FAE26ED8FB00082651F /* PBXContainerItemProxy */ = {
			isa = PBXContainerItemProxy;
			containerPortal = 61393F9426ED8FAD0082651F /* Project object */;
			proxyType = 1;
			remoteGlobalIDString = 61393F9B26ED8FAD0082651F;
			remoteInfo = ExpensesApp;
		};
		61393FB926ED8FB00082651F /* PBXContainerItemProxy */ = {
			isa = PBXContainerItemProxy;
			containerPortal = 61393F9426ED8FAD0082651F /* Project object */;
			proxyType = 1;
			remoteGlobalIDString = 61393F9B26ED8FAD0082651F;
			remoteInfo = ExpensesApp;
		};
/* End PBXContainerItemProxy section */

/* Begin PBXFileReference section */
		61393F9C26ED8FAD0082651F /* ExpensesApp.app */ = {isa = PBXFileReference; explicitFileType = wrapper.application; includeInIndex = 0; path = ExpensesApp.app; sourceTree = BUILT_PRODUCTS_DIR; };
		61393F9F26ED8FAD0082651F /* ExpensesApp.swift */ = {isa = PBXFileReference; lastKnownFileType = sourcecode.swift; path = ExpensesApp.swift; sourceTree = "<group>"; };
		61393FA126ED8FAD0082651F /* DashboardView.swift */ = {isa = PBXFileReference; lastKnownFileType = sourcecode.swift; path = DashboardView.swift; sourceTree = "<group>"; };
		61393FA326ED8FAF0082651F /* Assets.xcassets */ = {isa = PBXFileReference; lastKnownFileType = folder.assetcatalog; path = Assets.xcassets; sourceTree = "<group>"; };
		61393FA626ED8FAF0082651F /* Preview Assets.xcassets */ = {isa = PBXFileReference; lastKnownFileType = folder.assetcatalog; path = "Preview Assets.xcassets"; sourceTree = "<group>"; };
		61393FA826ED8FAF0082651F /* Info.plist */ = {isa = PBXFileReference; lastKnownFileType = text.plist.xml; path = Info.plist; sourceTree = "<group>"; };
		61393FAD26ED8FB00082651F /* ExpensesAppTests.xctest */ = {isa = PBXFileReference; explicitFileType = wrapper.cfbundle; includeInIndex = 0; path = ExpensesAppTests.xctest; sourceTree = BUILT_PRODUCTS_DIR; };
		61393FB126ED8FB00082651F /* ExpensesAppTests.swift */ = {isa = PBXFileReference; lastKnownFileType = sourcecode.swift; path = ExpensesAppTests.swift; sourceTree = "<group>"; };
		61393FB326ED8FB00082651F /* Info.plist */ = {isa = PBXFileReference; lastKnownFileType = text.plist.xml; path = Info.plist; sourceTree = "<group>"; };
		61393FB826ED8FB00082651F /* ExpensesAppUITests.xctest */ = {isa = PBXFileReference; explicitFileType = wrapper.cfbundle; includeInIndex = 0; path = ExpensesAppUITests.xctest; sourceTree = BUILT_PRODUCTS_DIR; };
		61393FBC26ED8FB00082651F /* ExpensesAppUITests.swift */ = {isa = PBXFileReference; lastKnownFileType = sourcecode.swift; path = ExpensesAppUITests.swift; sourceTree = "<group>"; };
		61393FBE26ED8FB00082651F /* Info.plist */ = {isa = PBXFileReference; lastKnownFileType = text.plist.xml; path = Info.plist; sourceTree = "<group>"; };
		61393FCD26ED99750082651F /* TransactionRowView.swift */ = {isa = PBXFileReference; lastKnownFileType = sourcecode.swift; path = TransactionRowView.swift; sourceTree = SOURCE_ROOT; };
		61393FCF26ED99C50082651F /* Transaction.swift */ = {isa = PBXFileReference; lastKnownFileType = sourcecode.swift; path = Transaction.swift; sourceTree = "<group>"; };
		61393FD326EDAC020082651F /* TransactionRepository.swift */ = {isa = PBXFileReference; lastKnownFileType = sourcecode.swift; path = TransactionRepository.swift; sourceTree = "<group>"; };
		61393FD526EDAF830082651F /* UserStore.swift */ = {isa = PBXFileReference; lastKnownFileType = sourcecode.swift; path = UserStore.swift; sourceTree = "<group>"; };
		61393FD726EDAFD40082651F /* Budget.swift */ = {isa = PBXFileReference; lastKnownFileType = sourcecode.swift; path = Budget.swift; sourceTree = "<group>"; };
		61393FD926EDB4AC0082651F /* TransactionStore.swift */ = {isa = PBXFileReference; lastKnownFileType = sourcecode.swift; path = TransactionStore.swift; sourceTree = "<group>"; };
		61393FDD26EDB6D20082651F /* User.swift */ = {isa = PBXFileReference; lastKnownFileType = sourcecode.swift; path = User.swift; sourceTree = "<group>"; };
		61393FDF26EDB7D10082651F /* Double+Extensions.swift */ = {isa = PBXFileReference; lastKnownFileType = sourcecode.swift; path = "Double+Extensions.swift"; sourceTree = "<group>"; };
		61393FE526EDCAFC0082651F /* TransactionListView.swift */ = {isa = PBXFileReference; lastKnownFileType = sourcecode.swift; path = TransactionListView.swift; sourceTree = "<group>"; };
		61393FE826EDD4F40082651F /* Date+Extensions.swift */ = {isa = PBXFileReference; lastKnownFileType = sourcecode.swift; path = "Date+Extensions.swift"; sourceTree = "<group>"; };
		61393FEC26EDD8980082651F /* EditProfileView.swift */ = {isa = PBXFileReference; lastKnownFileType = sourcecode.swift; path = EditProfileView.swift; sourceTree = "<group>"; };
		61393FEE26EDFCC70082651F /* MainView.swift */ = {isa = PBXFileReference; lastKnownFileType = sourcecode.swift; path = MainView.swift; sourceTree = "<group>"; };
		61393FF026EE03490082651F /* EditTransactionView.swift */ = {isa = PBXFileReference; lastKnownFileType = sourcecode.swift; path = EditTransactionView.swift; sourceTree = "<group>"; };
		61393FF226EE051E0082651F /* Category.swift */ = {isa = PBXFileReference; lastKnownFileType = sourcecode.swift; path = Category.swift; sourceTree = "<group>"; };
		61393FF426EE09770082651F /* Image+Extensions.swift */ = {isa = PBXFileReference; lastKnownFileType = sourcecode.swift; path = "Image+Extensions.swift"; sourceTree = "<group>"; };
		61393FF626EE14280082651F /* NumberFormatter+Extensions.swift */ = {isa = PBXFileReference; lastKnownFileType = sourcecode.swift; path = "NumberFormatter+Extensions.swift"; sourceTree = "<group>"; };
		61393FF826EE1EDE0082651F /* TransactionDetailsView.swift */ = {isa = PBXFileReference; lastKnownFileType = sourcecode.swift; path = TransactionDetailsView.swift; sourceTree = "<group>"; };
		61393FFA26EE23DB0082651F /* View+Extensions.swift */ = {isa = PBXFileReference; lastKnownFileType = sourcecode.swift; path = "View+Extensions.swift"; sourceTree = "<group>"; };
		61EEBDF326EF252C0009078E /* LocalSource.swift */ = {isa = PBXFileReference; lastKnownFileType = sourcecode.swift; path = LocalSource.swift; sourceTree = "<group>"; };
		61EEBDF526EF27730009078E /* UserRepository.swift */ = {isa = PBXFileReference; lastKnownFileType = sourcecode.swift; path = UserRepository.swift; sourceTree = "<group>"; };
		61EEBDF726EF2DD90009078E /* CategoryRowView.swift */ = {isa = PBXFileReference; lastKnownFileType = sourcecode.swift; path = CategoryRowView.swift; sourceTree = "<group>"; };
/* End PBXFileReference section */

/* Begin PBXFrameworksBuildPhase section */
		61393F9926ED8FAD0082651F /* Frameworks */ = {
			isa = PBXFrameworksBuildPhase;
			buildActionMask = 2147483647;
			files = (
			);
			runOnlyForDeploymentPostprocessing = 0;
		};
		61393FAA26ED8FB00082651F /* Frameworks */ = {
			isa = PBXFrameworksBuildPhase;
			buildActionMask = 2147483647;
			files = (
			);
			runOnlyForDeploymentPostprocessing = 0;
		};
		61393FB526ED8FB00082651F /* Frameworks */ = {
			isa = PBXFrameworksBuildPhase;
			buildActionMask = 2147483647;
			files = (
			);
			runOnlyForDeploymentPostprocessing = 0;
		};
/* End PBXFrameworksBuildPhase section */

/* Begin PBXGroup section */
		61393F9326ED8FAD0082651F = {
			isa = PBXGroup;
			children = (
				61393F9E26ED8FAD0082651F /* ExpensesApp */,
				61393FB026ED8FB00082651F /* ExpensesAppTests */,
				61393FBB26ED8FB00082651F /* ExpensesAppUITests */,
				61393F9D26ED8FAD0082651F /* Products */,
			);
			sourceTree = "<group>";
		};
		61393F9D26ED8FAD0082651F /* Products */ = {
			isa = PBXGroup;
			children = (
				61393F9C26ED8FAD0082651F /* ExpensesApp.app */,
				61393FAD26ED8FB00082651F /* ExpensesAppTests.xctest */,
				61393FB826ED8FB00082651F /* ExpensesAppUITests.xctest */,
			);
			name = Products;
			sourceTree = "<group>";
		};
		61393F9E26ED8FAD0082651F /* ExpensesApp */ = {
			isa = PBXGroup;
			children = (
				61393FE726EDD4E40082651F /* Extensions */,
				61393FDB26EDB6AF0082651F /* Data */,
				61393FCA26ED95990082651F /* Views */,
				61393F9F26ED8FAD0082651F /* ExpensesApp.swift */,
				61393FA326ED8FAF0082651F /* Assets.xcassets */,
				61393FA826ED8FAF0082651F /* Info.plist */,
				61393FA526ED8FAF0082651F /* Preview Content */,
			);
			path = ExpensesApp;
			sourceTree = "<group>";
		};
		61393FA526ED8FAF0082651F /* Preview Content */ = {
			isa = PBXGroup;
			children = (
				61393FA626ED8FAF0082651F /* Preview Assets.xcassets */,
			);
			path = "Preview Content";
			sourceTree = "<group>";
		};
		61393FB026ED8FB00082651F /* ExpensesAppTests */ = {
			isa = PBXGroup;
			children = (
				61393FB126ED8FB00082651F /* ExpensesAppTests.swift */,
				61393FB326ED8FB00082651F /* Info.plist */,
			);
			path = ExpensesAppTests;
			sourceTree = "<group>";
		};
		61393FBB26ED8FB00082651F /* ExpensesAppUITests */ = {
			isa = PBXGroup;
			children = (
				61393FBC26ED8FB00082651F /* ExpensesAppUITests.swift */,
				61393FBE26ED8FB00082651F /* Info.plist */,
			);
			path = ExpensesAppUITests;
			sourceTree = "<group>";
		};
		61393FCA26ED95990082651F /* Views */ = {
			isa = PBXGroup;
			children = (
				61393FA126ED8FAD0082651F /* DashboardView.swift */,
				61393FCD26ED99750082651F /* TransactionRowView.swift */,
				61393FE526EDCAFC0082651F /* TransactionListView.swift */,
				61393FEC26EDD8980082651F /* EditProfileView.swift */,
				61393FEE26EDFCC70082651F /* MainView.swift */,
				61393FF026EE03490082651F /* EditTransactionView.swift */,
				61393FF826EE1EDE0082651F /* TransactionDetailsView.swift */,
				61EEBDF726EF2DD90009078E /* CategoryRowView.swift */,
			);
			path = Views;
			sourceTree = "<group>";
		};
		61393FCC26ED95D10082651F /* Models */ = {
			isa = PBXGroup;
			children = (
				61393FCF26ED99C50082651F /* Transaction.swift */,
				61393FD726EDAFD40082651F /* Budget.swift */,
				61393FDD26EDB6D20082651F /* User.swift */,
				61393FF226EE051E0082651F /* Category.swift */,
			);
			path = Models;
			sourceTree = "<group>";
		};
		61393FDB26EDB6AF0082651F /* Data */ = {
			isa = PBXGroup;
			children = (
				61393FD326EDAC020082651F /* TransactionRepository.swift */,
				61393FD526EDAF830082651F /* UserStore.swift */,
				61393FD926EDB4AC0082651F /* TransactionStore.swift */,
				61393FCC26ED95D10082651F /* Models */,
				61EEBDF326EF252C0009078E /* LocalSource.swift */,
				61EEBDF526EF27730009078E /* UserRepository.swift */,
			);
			path = Data;
			sourceTree = "<group>";
		};
		61393FE726EDD4E40082651F /* Extensions */ = {
			isa = PBXGroup;
			children = (
				61393FDF26EDB7D10082651F /* Double+Extensions.swift */,
				61393FE826EDD4F40082651F /* Date+Extensions.swift */,
				61393FF426EE09770082651F /* Image+Extensions.swift */,
				61393FF626EE14280082651F /* NumberFormatter+Extensions.swift */,
				61393FFA26EE23DB0082651F /* View+Extensions.swift */,
			);
			path = Extensions;
			sourceTree = "<group>";
		};
/* End PBXGroup section */

/* Begin PBXNativeTarget section */
		61393F9B26ED8FAD0082651F /* ExpensesApp */ = {
			isa = PBXNativeTarget;
			buildConfigurationList = 61393FC126ED8FB00082651F /* Build configuration list for PBXNativeTarget "ExpensesApp" */;
			buildPhases = (
				61393F9826ED8FAD0082651F /* Sources */,
				61393F9926ED8FAD0082651F /* Frameworks */,
				61393F9A26ED8FAD0082651F /* Resources */,
			);
			buildRules = (
			);
			dependencies = (
			);
			name = ExpensesApp;
			productName = ExpensesApp;
			productReference = 61393F9C26ED8FAD0082651F /* ExpensesApp.app */;
			productType = "com.apple.product-type.application";
		};
		61393FAC26ED8FB00082651F /* ExpensesAppTests */ = {
			isa = PBXNativeTarget;
			buildConfigurationList = 61393FC426ED8FB00082651F /* Build configuration list for PBXNativeTarget "ExpensesAppTests" */;
			buildPhases = (
				61393FA926ED8FB00082651F /* Sources */,
				61393FAA26ED8FB00082651F /* Frameworks */,
				61393FAB26ED8FB00082651F /* Resources */,
			);
			buildRules = (
			);
			dependencies = (
				61393FAF26ED8FB00082651F /* PBXTargetDependency */,
			);
			name = ExpensesAppTests;
			productName = ExpensesAppTests;
			productReference = 61393FAD26ED8FB00082651F /* ExpensesAppTests.xctest */;
			productType = "com.apple.product-type.bundle.unit-test";
		};
		61393FB726ED8FB00082651F /* ExpensesAppUITests */ = {
			isa = PBXNativeTarget;
			buildConfigurationList = 61393FC726ED8FB00082651F /* Build configuration list for PBXNativeTarget "ExpensesAppUITests" */;
			buildPhases = (
				61393FB426ED8FB00082651F /* Sources */,
				61393FB526ED8FB00082651F /* Frameworks */,
				61393FB626ED8FB00082651F /* Resources */,
			);
			buildRules = (
			);
			dependencies = (
				61393FBA26ED8FB00082651F /* PBXTargetDependency */,
			);
			name = ExpensesAppUITests;
			productName = ExpensesAppUITests;
			productReference = 61393FB826ED8FB00082651F /* ExpensesAppUITests.xctest */;
			productType = "com.apple.product-type.bundle.ui-testing";
		};
/* End PBXNativeTarget section */

/* Begin PBXProject section */
		61393F9426ED8FAD0082651F /* Project object */ = {
			isa = PBXProject;
			attributes = {
				LastSwiftUpdateCheck = 1250;
				LastUpgradeCheck = 1250;
				TargetAttributes = {
					61393F9B26ED8FAD0082651F = {
						CreatedOnToolsVersion = 12.5.1;
					};
					61393FAC26ED8FB00082651F = {
						CreatedOnToolsVersion = 12.5.1;
						TestTargetID = 61393F9B26ED8FAD0082651F;
					};
					61393FB726ED8FB00082651F = {
						CreatedOnToolsVersion = 12.5.1;
						TestTargetID = 61393F9B26ED8FAD0082651F;
					};
				};
			};
			buildConfigurationList = 61393F9726ED8FAD0082651F /* Build configuration list for PBXProject "ExpensesApp" */;
			compatibilityVersion = "Xcode 9.3";
			developmentRegion = en;
			hasScannedForEncodings = 0;
			knownRegions = (
				en,
				Base,
			);
			mainGroup = 61393F9326ED8FAD0082651F;
			productRefGroup = 61393F9D26ED8FAD0082651F /* Products */;
			projectDirPath = "";
			projectRoot = "";
			targets = (
				61393F9B26ED8FAD0082651F /* ExpensesApp */,
				61393FAC26ED8FB00082651F /* ExpensesAppTests */,
				61393FB726ED8FB00082651F /* ExpensesAppUITests */,
			);
		};
/* End PBXProject section */

/* Begin PBXResourcesBuildPhase section */
		61393F9A26ED8FAD0082651F /* Resources */ = {
			isa = PBXResourcesBuildPhase;
			buildActionMask = 2147483647;
			files = (
				61393FA726ED8FAF0082651F /* Preview Assets.xcassets in Resources */,
				61393FA426ED8FAF0082651F /* Assets.xcassets in Resources */,
			);
			runOnlyForDeploymentPostprocessing = 0;
		};
		61393FAB26ED8FB00082651F /* Resources */ = {
			isa = PBXResourcesBuildPhase;
			buildActionMask = 2147483647;
			files = (
			);
			runOnlyForDeploymentPostprocessing = 0;
		};
		61393FB626ED8FB00082651F /* Resources */ = {
			isa = PBXResourcesBuildPhase;
			buildActionMask = 2147483647;
			files = (
			);
			runOnlyForDeploymentPostprocessing = 0;
		};
/* End PBXResourcesBuildPhase section */

/* Begin PBXSourcesBuildPhase section */
		61393F9826ED8FAD0082651F /* Sources */ = {
			isa = PBXSourcesBuildPhase;
			buildActionMask = 2147483647;
			files = (
				61EEBDF626EF27730009078E /* UserRepository.swift in Sources */,
				61393FA226ED8FAD0082651F /* DashboardView.swift in Sources */,
				61EEBDF426EF252C0009078E /* LocalSource.swift in Sources */,
				61393FD826EDAFD40082651F /* Budget.swift in Sources */,
				61393FE926EDD4F40082651F /* Date+Extensions.swift in Sources */,
				61393FDA26EDB4AC0082651F /* TransactionStore.swift in Sources */,
				61393FF926EE1EDE0082651F /* TransactionDetailsView.swift in Sources */,
				61393FD426EDAC020082651F /* TransactionRepository.swift in Sources */,
				61393FF126EE03490082651F /* EditTransactionView.swift in Sources */,
				61393FE026EDB7D10082651F /* Double+Extensions.swift in Sources */,
				61393FF326EE051E0082651F /* Category.swift in Sources */,
				61393FA026ED8FAD0082651F /* ExpensesApp.swift in Sources */,
				61393FDE26EDB6D20082651F /* User.swift in Sources */,
				61393FD026ED99C50082651F /* Transaction.swift in Sources */,
				61393FF726EE14280082651F /* NumberFormatter+Extensions.swift in Sources */,
				61393FCE26ED99760082651F /* TransactionRowView.swift in Sources */,
				61393FE626EDCAFC0082651F /* TransactionListView.swift in Sources */,
				61393FED26EDD8980082651F /* EditProfileView.swift in Sources */,
				61393FEF26EDFCC70082651F /* MainView.swift in Sources */,
				61393FF526EE09770082651F /* Image+Extensions.swift in Sources */,
				61EEBDF826EF2DD90009078E /* CategoryRowView.swift in Sources */,
				61393FFB26EE23DB0082651F /* View+Extensions.swift in Sources */,
				61393FD626EDAF830082651F /* UserStore.swift in Sources */,
			);
			runOnlyForDeploymentPostprocessing = 0;
		};
		61393FA926ED8FB00082651F /* Sources */ = {
			isa = PBXSourcesBuildPhase;
			buildActionMask = 2147483647;
			files = (
				61393FB226ED8FB00082651F /* ExpensesAppTests.swift in Sources */,
			);
			runOnlyForDeploymentPostprocessing = 0;
		};
		61393FB426ED8FB00082651F /* Sources */ = {
			isa = PBXSourcesBuildPhase;
			buildActionMask = 2147483647;
			files = (
				61393FBD26ED8FB00082651F /* ExpensesAppUITests.swift in Sources */,
			);
			runOnlyForDeploymentPostprocessing = 0;
		};
/* End PBXSourcesBuildPhase section */

/* Begin PBXTargetDependency section */
		61393FAF26ED8FB00082651F /* PBXTargetDependency */ = {
			isa = PBXTargetDependency;
			target = 61393F9B26ED8FAD0082651F /* ExpensesApp */;
			targetProxy = 61393FAE26ED8FB00082651F /* PBXContainerItemProxy */;
		};
		61393FBA26ED8FB00082651F /* PBXTargetDependency */ = {
			isa = PBXTargetDependency;
			target = 61393F9B26ED8FAD0082651F /* ExpensesApp */;
			targetProxy = 61393FB926ED8FB00082651F /* PBXContainerItemProxy */;
		};
/* End PBXTargetDependency section */

/* Begin XCBuildConfiguration section */
		61393FBF26ED8FB00082651F /* Debug */ = {
			isa = XCBuildConfiguration;
			buildSettings = {
				ALWAYS_SEARCH_USER_PATHS = NO;
				CLANG_ANALYZER_NONNULL = YES;
				CLANG_ANALYZER_NUMBER_OBJECT_CONVERSION = YES_AGGRESSIVE;
				CLANG_CXX_LANGUAGE_STANDARD = "gnu++14";
				CLANG_CXX_LIBRARY = "libc++";
				CLANG_ENABLE_MODULES = YES;
				CLANG_ENABLE_OBJC_ARC = YES;
				CLANG_ENABLE_OBJC_WEAK = YES;
				CLANG_WARN_BLOCK_CAPTURE_AUTORELEASING = YES;
				CLANG_WARN_BOOL_CONVERSION = YES;
				CLANG_WARN_COMMA = YES;
				CLANG_WARN_CONSTANT_CONVERSION = YES;
				CLANG_WARN_DEPRECATED_OBJC_IMPLEMENTATIONS = YES;
				CLANG_WARN_DIRECT_OBJC_ISA_USAGE = YES_ERROR;
				CLANG_WARN_DOCUMENTATION_COMMENTS = YES;
				CLANG_WARN_EMPTY_BODY = YES;
				CLANG_WARN_ENUM_CONVERSION = YES;
				CLANG_WARN_INFINITE_RECURSION = YES;
				CLANG_WARN_INT_CONVERSION = YES;
				CLANG_WARN_NON_LITERAL_NULL_CONVERSION = YES;
				CLANG_WARN_OBJC_IMPLICIT_RETAIN_SELF = YES;
				CLANG_WARN_OBJC_LITERAL_CONVERSION = YES;
				CLANG_WARN_OBJC_ROOT_CLASS = YES_ERROR;
				CLANG_WARN_QUOTED_INCLUDE_IN_FRAMEWORK_HEADER = YES;
				CLANG_WARN_RANGE_LOOP_ANALYSIS = YES;
				CLANG_WARN_STRICT_PROTOTYPES = YES;
				CLANG_WARN_SUSPICIOUS_MOVE = YES;
				CLANG_WARN_UNGUARDED_AVAILABILITY = YES_AGGRESSIVE;
				CLANG_WARN_UNREACHABLE_CODE = YES;
				CLANG_WARN__DUPLICATE_METHOD_MATCH = YES;
				COPY_PHASE_STRIP = NO;
				DEBUG_INFORMATION_FORMAT = dwarf;
				ENABLE_STRICT_OBJC_MSGSEND = YES;
				ENABLE_TESTABILITY = YES;
				GCC_C_LANGUAGE_STANDARD = gnu11;
				GCC_DYNAMIC_NO_PIC = NO;
				GCC_NO_COMMON_BLOCKS = YES;
				GCC_OPTIMIZATION_LEVEL = 0;
				GCC_PREPROCESSOR_DEFINITIONS = (
					"DEBUG=1",
					"$(inherited)",
				);
				GCC_WARN_64_TO_32_BIT_CONVERSION = YES;
				GCC_WARN_ABOUT_RETURN_TYPE = YES_ERROR;
				GCC_WARN_UNDECLARED_SELECTOR = YES;
				GCC_WARN_UNINITIALIZED_AUTOS = YES_AGGRESSIVE;
				GCC_WARN_UNUSED_FUNCTION = YES;
				GCC_WARN_UNUSED_VARIABLE = YES;
				IPHONEOS_DEPLOYMENT_TARGET = 14.5;
				MTL_ENABLE_DEBUG_INFO = INCLUDE_SOURCE;
				MTL_FAST_MATH = YES;
				ONLY_ACTIVE_ARCH = YES;
				SDKROOT = iphoneos;
				SWIFT_ACTIVE_COMPILATION_CONDITIONS = DEBUG;
				SWIFT_OPTIMIZATION_LEVEL = "-Onone";
			};
			name = Debug;
		};
		61393FC026ED8FB00082651F /* Release */ = {
			isa = XCBuildConfiguration;
			buildSettings = {
				ALWAYS_SEARCH_USER_PATHS = NO;
				CLANG_ANALYZER_NONNULL = YES;
				CLANG_ANALYZER_NUMBER_OBJECT_CONVERSION = YES_AGGRESSIVE;
				CLANG_CXX_LANGUAGE_STANDARD = "gnu++14";
				CLANG_CXX_LIBRARY = "libc++";
				CLANG_ENABLE_MODULES = YES;
				CLANG_ENABLE_OBJC_ARC = YES;
				CLANG_ENABLE_OBJC_WEAK = YES;
				CLANG_WARN_BLOCK_CAPTURE_AUTORELEASING = YES;
				CLANG_WARN_BOOL_CONVERSION = YES;
				CLANG_WARN_COMMA = YES;
				CLANG_WARN_CONSTANT_CONVERSION = YES;
				CLANG_WARN_DEPRECATED_OBJC_IMPLEMENTATIONS = YES;
				CLANG_WARN_DIRECT_OBJC_ISA_USAGE = YES_ERROR;
				CLANG_WARN_DOCUMENTATION_COMMENTS = YES;
				CLANG_WARN_EMPTY_BODY = YES;
				CLANG_WARN_ENUM_CONVERSION = YES;
				CLANG_WARN_INFINITE_RECURSION = YES;
				CLANG_WARN_INT_CONVERSION = YES;
				CLANG_WARN_NON_LITERAL_NULL_CONVERSION = YES;
				CLANG_WARN_OBJC_IMPLICIT_RETAIN_SELF = YES;
				CLANG_WARN_OBJC_LITERAL_CONVERSION = YES;
				CLANG_WARN_OBJC_ROOT_CLASS = YES_ERROR;
				CLANG_WARN_QUOTED_INCLUDE_IN_FRAMEWORK_HEADER = YES;
				CLANG_WARN_RANGE_LOOP_ANALYSIS = YES;
				CLANG_WARN_STRICT_PROTOTYPES = YES;
				CLANG_WARN_SUSPICIOUS_MOVE = YES;
				CLANG_WARN_UNGUARDED_AVAILABILITY = YES_AGGRESSIVE;
				CLANG_WARN_UNREACHABLE_CODE = YES;
				CLANG_WARN__DUPLICATE_METHOD_MATCH = YES;
				COPY_PHASE_STRIP = NO;
				DEBUG_INFORMATION_FORMAT = "dwarf-with-dsym";
				ENABLE_NS_ASSERTIONS = NO;
				ENABLE_STRICT_OBJC_MSGSEND = YES;
				GCC_C_LANGUAGE_STANDARD = gnu11;
				GCC_NO_COMMON_BLOCKS = YES;
				GCC_WARN_64_TO_32_BIT_CONVERSION = YES;
				GCC_WARN_ABOUT_RETURN_TYPE = YES_ERROR;
				GCC_WARN_UNDECLARED_SELECTOR = YES;
				GCC_WARN_UNINITIALIZED_AUTOS = YES_AGGRESSIVE;
				GCC_WARN_UNUSED_FUNCTION = YES;
				GCC_WARN_UNUSED_VARIABLE = YES;
				IPHONEOS_DEPLOYMENT_TARGET = 14.5;
				MTL_ENABLE_DEBUG_INFO = NO;
				MTL_FAST_MATH = YES;
				SDKROOT = iphoneos;
				SWIFT_COMPILATION_MODE = wholemodule;
				SWIFT_OPTIMIZATION_LEVEL = "-O";
				VALIDATE_PRODUCT = YES;
			};
			name = Release;
		};
		61393FC226ED8FB00082651F /* Debug */ = {
			isa = XCBuildConfiguration;
			buildSettings = {
				ASSETCATALOG_COMPILER_APPICON_NAME = AppIcon;
				ASSETCATALOG_COMPILER_GLOBAL_ACCENT_COLOR_NAME = AccentColor;
				CODE_SIGN_STYLE = Automatic;
				DEVELOPMENT_ASSET_PATHS = "\"ExpensesApp/Preview Content\"";
				DEVELOPMENT_TEAM = A93RRN3WKR;
				ENABLE_PREVIEWS = YES;
				INFOPLIST_FILE = ExpensesApp/Info.plist;
				IPHONEOS_DEPLOYMENT_TARGET = 14.0;
				LD_RUNPATH_SEARCH_PATHS = (
					"$(inherited)",
					"@executable_path/Frameworks",
				);
				PRODUCT_BUNDLE_IDENTIFIER = com.tronicnotes.ExpensesApp;
				PRODUCT_NAME = "$(TARGET_NAME)";
				SWIFT_VERSION = 5.0;
				TARGETED_DEVICE_FAMILY = "1,2";
			};
			name = Debug;
		};
		61393FC326ED8FB00082651F /* Release */ = {
			isa = XCBuildConfiguration;
			buildSettings = {
				ASSETCATALOG_COMPILER_APPICON_NAME = AppIcon;
				ASSETCATALOG_COMPILER_GLOBAL_ACCENT_COLOR_NAME = AccentColor;
				CODE_SIGN_STYLE = Automatic;
				DEVELOPMENT_ASSET_PATHS = "\"ExpensesApp/Preview Content\"";
				DEVELOPMENT_TEAM = A93RRN3WKR;
				ENABLE_PREVIEWS = YES;
				INFOPLIST_FILE = ExpensesApp/Info.plist;
				IPHONEOS_DEPLOYMENT_TARGET = 14.0;
				LD_RUNPATH_SEARCH_PATHS = (
					"$(inherited)",
					"@executable_path/Frameworks",
				);
				PRODUCT_BUNDLE_IDENTIFIER = com.tronicnotes.ExpensesApp;
				PRODUCT_NAME = "$(TARGET_NAME)";
				SWIFT_VERSION = 5.0;
				TARGETED_DEVICE_FAMILY = "1,2";
			};
			name = Release;
		};
		61393FC526ED8FB00082651F /* Debug */ = {
			isa = XCBuildConfiguration;
			buildSettings = {
				ALWAYS_EMBED_SWIFT_STANDARD_LIBRARIES = YES;
				BUNDLE_LOADER = "$(TEST_HOST)";
				CODE_SIGN_STYLE = Automatic;
				DEVELOPMENT_TEAM = A93RRN3WKR;
				INFOPLIST_FILE = ExpensesAppTests/Info.plist;
				IPHONEOS_DEPLOYMENT_TARGET = 14.0;
				LD_RUNPATH_SEARCH_PATHS = (
					"$(inherited)",
					"@executable_path/Frameworks",
					"@loader_path/Frameworks",
				);
				PRODUCT_BUNDLE_IDENTIFIER = com.tronicnotes.ExpensesAppTests;
				PRODUCT_NAME = "$(TARGET_NAME)";
				SWIFT_VERSION = 5.0;
				TARGETED_DEVICE_FAMILY = "1,2";
				TEST_HOST = "$(BUILT_PRODUCTS_DIR)/ExpensesApp.app/ExpensesApp";
			};
			name = Debug;
		};
		61393FC626ED8FB00082651F /* Release */ = {
			isa = XCBuildConfiguration;
			buildSettings = {
				ALWAYS_EMBED_SWIFT_STANDARD_LIBRARIES = YES;
				BUNDLE_LOADER = "$(TEST_HOST)";
				CODE_SIGN_STYLE = Automatic;
				DEVELOPMENT_TEAM = A93RRN3WKR;
				INFOPLIST_FILE = ExpensesAppTests/Info.plist;
				IPHONEOS_DEPLOYMENT_TARGET = 14.0;
				LD_RUNPATH_SEARCH_PATHS = (
					"$(inherited)",
					"@executable_path/Frameworks",
					"@loader_path/Frameworks",
				);
				PRODUCT_BUNDLE_IDENTIFIER = com.tronicnotes.ExpensesAppTests;
				PRODUCT_NAME = "$(TARGET_NAME)";
				SWIFT_VERSION = 5.0;
				TARGETED_DEVICE_FAMILY = "1,2";
				TEST_HOST = "$(BUILT_PRODUCTS_DIR)/ExpensesApp.app/ExpensesApp";
			};
			name = Release;
		};
		61393FC826ED8FB00082651F /* Debug */ = {
			isa = XCBuildConfiguration;
			buildSettings = {
				ALWAYS_EMBED_SWIFT_STANDARD_LIBRARIES = YES;
				CODE_SIGN_STYLE = Automatic;
				DEVELOPMENT_TEAM = A93RRN3WKR;
				INFOPLIST_FILE = ExpensesAppUITests/Info.plist;
				LD_RUNPATH_SEARCH_PATHS = (
					"$(inherited)",
					"@executable_path/Frameworks",
					"@loader_path/Frameworks",
				);
				PRODUCT_BUNDLE_IDENTIFIER = com.tronicnotes.ExpensesAppUITests;
				PRODUCT_NAME = "$(TARGET_NAME)";
				SWIFT_VERSION = 5.0;
				TARGETED_DEVICE_FAMILY = "1,2";
				TEST_TARGET_NAME = ExpensesApp;
			};
			name = Debug;
		};
		61393FC926ED8FB00082651F /* Release */ = {
			isa = XCBuildConfiguration;
			buildSettings = {
				ALWAYS_EMBED_SWIFT_STANDARD_LIBRARIES = YES;
				CODE_SIGN_STYLE = Automatic;
				DEVELOPMENT_TEAM = A93RRN3WKR;
				INFOPLIST_FILE = ExpensesAppUITests/Info.plist;
				LD_RUNPATH_SEARCH_PATHS = (
					"$(inherited)",
					"@executable_path/Frameworks",
					"@loader_path/Frameworks",
				);
				PRODUCT_BUNDLE_IDENTIFIER = com.tronicnotes.ExpensesAppUITests;
				PRODUCT_NAME = "$(TARGET_NAME)";
				SWIFT_VERSION = 5.0;
				TARGETED_DEVICE_FAMILY = "1,2";
				TEST_TARGET_NAME = ExpensesApp;
			};
			name = Release;
		};
/* End XCBuildConfiguration section */

/* Begin XCConfigurationList section */
		61393F9726ED8FAD0082651F /* Build configuration list for PBXProject "ExpensesApp" */ = {
			isa = XCConfigurationList;
			buildConfigurations = (
				61393FBF26ED8FB00082651F /* Debug */,
				61393FC026ED8FB00082651F /* Release */,
			);
			defaultConfigurationIsVisible = 0;
			defaultConfigurationName = Release;
		};
		61393FC126ED8FB00082651F /* Build configuration list for PBXNativeTarget "ExpensesApp" */ = {
			isa = XCConfigurationList;
			buildConfigurations = (
				61393FC226ED8FB00082651F /* Debug */,
				61393FC326ED8FB00082651F /* Release */,
			);
			defaultConfigurationIsVisible = 0;
			defaultConfigurationName = Release;
		};
		61393FC426ED8FB00082651F /* Build configuration list for PBXNativeTarget "ExpensesAppTests" */ = {
			isa = XCConfigurationList;
			buildConfigurations = (
				61393FC526ED8FB00082651F /* Debug */,
				61393FC626ED8FB00082651F /* Release */,
			);
			defaultConfigurationIsVisible = 0;
			defaultConfigurationName = Release;
		};
		61393FC726ED8FB00082651F /* Build configuration list for PBXNativeTarget "ExpensesAppUITests" */ = {
			isa = XCConfigurationList;
			buildConfigurations = (
				61393FC826ED8FB00082651F /* Debug */,
				61393FC926ED8FB00082651F /* Release */,
			);
			defaultConfigurationIsVisible = 0;
			defaultConfigurationName = Release;
		};
/* End XCConfigurationList section */
	};
	rootObject = 61393F9426ED8FAD0082651F /* Project object */;
}
